// !$*UTF8*$!
{
	archiveVersion = 1;
	classes = {
	};
	objectVersion = 56;
	objects = {

/* Begin PBXBuildFile section */
		9C157ED02A1E8FC7001F8C55 /* LocalState.swift in Sources */ = {isa = PBXBuildFile; fileRef = 9C157ECF2A1E8FC7001F8C55 /* LocalState.swift */; };
		9C157EDD2A1F2C05001F8C55 /* Positioner in Frameworks */ = {isa = PBXBuildFile; productRef = 9C157EDC2A1F2C05001F8C55 /* Positioner */; };
		9C1606682A225B6F004524C2 /* AccountSummaryCell.swift in Sources */ = {isa = PBXBuildFile; fileRef = 9C1606672A225B6F004524C2 /* AccountSummaryCell.swift */; };
		9C68C6302A1D447E00FA21A1 /* OnboardingContainerViewController.swift in Sources */ = {isa = PBXBuildFile; fileRef = 9C68C62F2A1D447E00FA21A1 /* OnboardingContainerViewController.swift */; };
		9C68C6342A1DDE0D00FA21A1 /* OnboardingViewController.swift in Sources */ = {isa = PBXBuildFile; fileRef = 9C68C6332A1DDE0D00FA21A1 /* OnboardingViewController.swift */; };
		9CAE51E72A1E458F00F3901B /* DummyViewController.swift in Sources */ = {isa = PBXBuildFile; fileRef = 9CAE51E62A1E458F00F3901B /* DummyViewController.swift */; };
		9CDDD72C2A1BCE6400D6A6E1 /* AppDelegate.swift in Sources */ = {isa = PBXBuildFile; fileRef = 9CDDD72B2A1BCE6400D6A6E1 /* AppDelegate.swift */; };
		9CDDD7302A1BCE6400D6A6E1 /* LoginViewController.swift in Sources */ = {isa = PBXBuildFile; fileRef = 9CDDD72F2A1BCE6400D6A6E1 /* LoginViewController.swift */; };
		9CDDD7352A1BCE6600D6A6E1 /* Assets.xcassets in Resources */ = {isa = PBXBuildFile; fileRef = 9CDDD7342A1BCE6600D6A6E1 /* Assets.xcassets */; };
		9CDDD7382A1BCE6600D6A6E1 /* LaunchScreen.storyboard in Resources */ = {isa = PBXBuildFile; fileRef = 9CDDD7362A1BCE6600D6A6E1 /* LaunchScreen.storyboard */; };
		9CDDD7422A1BD1E500D6A6E1 /* LoginView.swift in Sources */ = {isa = PBXBuildFile; fileRef = 9CDDD7412A1BD1E500D6A6E1 /* LoginView.swift */; };
		9CED470F2A20260E003F54C1 /* UIViewController+Utils.swift in Sources */ = {isa = PBXBuildFile; fileRef = 9CED470E2A20260E003F54C1 /* UIViewController+Utils.swift */; };
		9CED47112A20798F003F54C1 /* MainViewController.swift in Sources */ = {isa = PBXBuildFile; fileRef = 9CED47102A20798F003F54C1 /* MainViewController.swift */; };
		9CED47142A20C4E9003F54C1 /* AccountSummaryViewController.swift in Sources */ = {isa = PBXBuildFile; fileRef = 9CED47132A20C4E9003F54C1 /* AccountSummaryViewController.swift */; };
		9CED47162A20F4FF003F54C1 /* AcountSummaryHeaderView.swift in Sources */ = {isa = PBXBuildFile; fileRef = 9CED47152A20F4FF003F54C1 /* AcountSummaryHeaderView.swift */; };
		9CED47182A20F557003F54C1 /* AccountSummaryHeaderView.xib in Resources */ = {isa = PBXBuildFile; fileRef = 9CED47172A20F557003F54C1 /* AccountSummaryHeaderView.xib */; };
/* End PBXBuildFile section */

/* Begin PBXFileReference section */
		9C157ECF2A1E8FC7001F8C55 /* LocalState.swift */ = {isa = PBXFileReference; lastKnownFileType = sourcecode.swift; path = LocalState.swift; sourceTree = "<group>"; };
		9C1606672A225B6F004524C2 /* AccountSummaryCell.swift */ = {isa = PBXFileReference; lastKnownFileType = sourcecode.swift; path = AccountSummaryCell.swift; sourceTree = "<group>"; };
		9C68C62F2A1D447E00FA21A1 /* OnboardingContainerViewController.swift */ = {isa = PBXFileReference; lastKnownFileType = sourcecode.swift; path = OnboardingContainerViewController.swift; sourceTree = "<group>"; };
		9C68C6332A1DDE0D00FA21A1 /* OnboardingViewController.swift */ = {isa = PBXFileReference; lastKnownFileType = sourcecode.swift; path = OnboardingViewController.swift; sourceTree = "<group>"; };
		9CAE51E62A1E458F00F3901B /* DummyViewController.swift */ = {isa = PBXFileReference; lastKnownFileType = sourcecode.swift; path = DummyViewController.swift; sourceTree = "<group>"; };
		9CDDD7282A1BCE6400D6A6E1 /* UiKitBankApp.app */ = {isa = PBXFileReference; explicitFileType = wrapper.application; includeInIndex = 0; path = UiKitBankApp.app; sourceTree = BUILT_PRODUCTS_DIR; };
		9CDDD72B2A1BCE6400D6A6E1 /* AppDelegate.swift */ = {isa = PBXFileReference; lastKnownFileType = sourcecode.swift; path = AppDelegate.swift; sourceTree = "<group>"; };
		9CDDD72F2A1BCE6400D6A6E1 /* LoginViewController.swift */ = {isa = PBXFileReference; lastKnownFileType = sourcecode.swift; path = LoginViewController.swift; sourceTree = "<group>"; };
		9CDDD7342A1BCE6600D6A6E1 /* Assets.xcassets */ = {isa = PBXFileReference; lastKnownFileType = folder.assetcatalog; path = Assets.xcassets; sourceTree = "<group>"; };
		9CDDD7372A1BCE6600D6A6E1 /* Base */ = {isa = PBXFileReference; lastKnownFileType = file.storyboard; name = Base; path = Base.lproj/LaunchScreen.storyboard; sourceTree = "<group>"; };
		9CDDD7392A1BCE6600D6A6E1 /* Info.plist */ = {isa = PBXFileReference; lastKnownFileType = text.plist.xml; path = Info.plist; sourceTree = "<group>"; };
		9CDDD7412A1BD1E500D6A6E1 /* LoginView.swift */ = {isa = PBXFileReference; lastKnownFileType = sourcecode.swift; path = LoginView.swift; sourceTree = "<group>"; };
		9CED470E2A20260E003F54C1 /* UIViewController+Utils.swift */ = {isa = PBXFileReference; lastKnownFileType = sourcecode.swift; path = "UIViewController+Utils.swift"; sourceTree = "<group>"; };
		9CED47102A20798F003F54C1 /* MainViewController.swift */ = {isa = PBXFileReference; lastKnownFileType = sourcecode.swift; path = MainViewController.swift; sourceTree = "<group>"; };
		9CED47132A20C4E9003F54C1 /* AccountSummaryViewController.swift */ = {isa = PBXFileReference; lastKnownFileType = sourcecode.swift; path = AccountSummaryViewController.swift; sourceTree = "<group>"; };
		9CED47152A20F4FF003F54C1 /* AcountSummaryHeaderView.swift */ = {isa = PBXFileReference; lastKnownFileType = sourcecode.swift; path = AcountSummaryHeaderView.swift; sourceTree = "<group>"; };
		9CED47172A20F557003F54C1 /* AccountSummaryHeaderView.xib */ = {isa = PBXFileReference; lastKnownFileType = file.xib; path = AccountSummaryHeaderView.xib; sourceTree = "<group>"; };
/* End PBXFileReference section */

/* Begin PBXFrameworksBuildPhase section */
		9CDDD7252A1BCE6400D6A6E1 /* Frameworks */ = {
			isa = PBXFrameworksBuildPhase;
			buildActionMask = 2147483647;
			files = (
				9C157EDD2A1F2C05001F8C55 /* Positioner in Frameworks */,
			);
			runOnlyForDeploymentPostprocessing = 0;
		};
/* End PBXFrameworksBuildPhase section */

/* Begin PBXGroup section */
		9C157ECE2A1E8FAF001F8C55 /* Utils */ = {
			isa = PBXGroup;
			children = (
				9C157ECF2A1E8FC7001F8C55 /* LocalState.swift */,
				9CED470E2A20260E003F54C1 /* UIViewController+Utils.swift */,
			);
			path = Utils;
			sourceTree = "<group>";
		};
		9C1606652A225B2E004524C2 /* Header */ = {
			isa = PBXGroup;
			children = (
				9CED47152A20F4FF003F54C1 /* AcountSummaryHeaderView.swift */,
				9CED47172A20F557003F54C1 /* AccountSummaryHeaderView.xib */,
			);
			path = Header;
			sourceTree = "<group>";
		};
		9C1606662A225B43004524C2 /* Cells */ = {
			isa = PBXGroup;
			children = (
				9C1606672A225B6F004524C2 /* AccountSummaryCell.swift */,
			);
			path = Cells;
			sourceTree = "<group>";
		};
		9C68C6312A1D57F600FA21A1 /* Login */ = {
			isa = PBXGroup;
			children = (
				9CDDD72F2A1BCE6400D6A6E1 /* LoginViewController.swift */,
				9CDDD7412A1BD1E500D6A6E1 /* LoginView.swift */,
			);
			path = Login;
			sourceTree = "<group>";
		};
		9C68C6322A1D580F00FA21A1 /* Onboarding */ = {
			isa = PBXGroup;
			children = (
				9C68C62F2A1D447E00FA21A1 /* OnboardingContainerViewController.swift */,
				9C68C6332A1DDE0D00FA21A1 /* OnboardingViewController.swift */,
			);
			path = Onboarding;
			sourceTree = "<group>";
		};
		9CAE51E52A1E456800F3901B /* Dummy */ = {
			isa = PBXGroup;
			children = (
				9CAE51E62A1E458F00F3901B /* DummyViewController.swift */,
			);
			path = Dummy;
			sourceTree = "<group>";
		};
		9CDDD71F2A1BCE6400D6A6E1 = {
			isa = PBXGroup;
			children = (
				9CDDD72A2A1BCE6400D6A6E1 /* UiKitBankApp */,
				9CDDD7292A1BCE6400D6A6E1 /* Products */,
			);
			sourceTree = "<group>";
		};
		9CDDD7292A1BCE6400D6A6E1 /* Products */ = {
			isa = PBXGroup;
			children = (
				9CDDD7282A1BCE6400D6A6E1 /* UiKitBankApp.app */,
			);
			name = Products;
			sourceTree = "<group>";
		};
		9CDDD72A2A1BCE6400D6A6E1 /* UiKitBankApp */ = {
			isa = PBXGroup;
			children = (
				9CDDD72B2A1BCE6400D6A6E1 /* AppDelegate.swift */,
				9CED47102A20798F003F54C1 /* MainViewController.swift */,
				9C68C6312A1D57F600FA21A1 /* Login */,
				9C68C6322A1D580F00FA21A1 /* Onboarding */,
				9CED47122A20C49F003F54C1 /* AccountSummary */,
				9C157ECE2A1E8FAF001F8C55 /* Utils */,
				9CAE51E52A1E456800F3901B /* Dummy */,
				9CDDD73F2A1BD16500D6A6E1 /* Generated Files */,
			);
			path = UiKitBankApp;
			sourceTree = "<group>";
		};
		9CDDD73F2A1BD16500D6A6E1 /* Generated Files */ = {
			isa = PBXGroup;
			children = (
				9CDDD7342A1BCE6600D6A6E1 /* Assets.xcassets */,
				9CDDD7362A1BCE6600D6A6E1 /* LaunchScreen.storyboard */,
				9CDDD7392A1BCE6600D6A6E1 /* Info.plist */,
			);
			name = "Generated Files";
			sourceTree = "<group>";
		};
		9CED47122A20C49F003F54C1 /* AccountSummary */ = {
			isa = PBXGroup;
			children = (
				9CED47132A20C4E9003F54C1 /* AccountSummaryViewController.swift */,
				9C1606652A225B2E004524C2 /* Header */,
				9C1606662A225B43004524C2 /* Cells */,
			);
			path = AccountSummary;
			sourceTree = "<group>";
		};
/* End PBXGroup section */

/* Begin PBXNativeTarget section */
		9CDDD7272A1BCE6400D6A6E1 /* UiKitBankApp */ = {
			isa = PBXNativeTarget;
			buildConfigurationList = 9CDDD73C2A1BCE6600D6A6E1 /* Build configuration list for PBXNativeTarget "UiKitBankApp" */;
			buildPhases = (
				9CDDD7242A1BCE6400D6A6E1 /* Sources */,
				9CDDD7252A1BCE6400D6A6E1 /* Frameworks */,
				9CDDD7262A1BCE6400D6A6E1 /* Resources */,
			);
			buildRules = (
			);
			dependencies = (
			);
			name = UiKitBankApp;
			packageProductDependencies = (
				9C157EDC2A1F2C05001F8C55 /* Positioner */,
			);
			productName = UiKitBankApp;
			productReference = 9CDDD7282A1BCE6400D6A6E1 /* UiKitBankApp.app */;
			productType = "com.apple.product-type.application";
		};
/* End PBXNativeTarget section */

/* Begin PBXProject section */
		9CDDD7202A1BCE6400D6A6E1 /* Project object */ = {
			isa = PBXProject;
			attributes = {
				BuildIndependentTargetsInParallel = 1;
				LastSwiftUpdateCheck = 1430;
				LastUpgradeCheck = 1430;
				TargetAttributes = {
					9CDDD7272A1BCE6400D6A6E1 = {
						CreatedOnToolsVersion = 14.3;
					};
				};
			};
			buildConfigurationList = 9CDDD7232A1BCE6400D6A6E1 /* Build configuration list for PBXProject "UiKitBankApp" */;
			compatibilityVersion = "Xcode 14.0";
			developmentRegion = en;
			hasScannedForEncodings = 0;
			knownRegions = (
				en,
				Base,
			);
			mainGroup = 9CDDD71F2A1BCE6400D6A6E1;
			packageReferences = (
				9C157EDB2A1F2C05001F8C55 /* XCRemoteSwiftPackageReference "Positioner" */,
			);
			productRefGroup = 9CDDD7292A1BCE6400D6A6E1 /* Products */;
			projectDirPath = "";
			projectRoot = "";
			targets = (
				9CDDD7272A1BCE6400D6A6E1 /* UiKitBankApp */,
			);
		};
/* End PBXProject section */

/* Begin PBXResourcesBuildPhase section */
		9CDDD7262A1BCE6400D6A6E1 /* Resources */ = {
			isa = PBXResourcesBuildPhase;
			buildActionMask = 2147483647;
			files = (
				9CED47182A20F557003F54C1 /* AccountSummaryHeaderView.xib in Resources */,
				9CDDD7382A1BCE6600D6A6E1 /* LaunchScreen.storyboard in Resources */,
				9CDDD7352A1BCE6600D6A6E1 /* Assets.xcassets in Resources */,
			);
			runOnlyForDeploymentPostprocessing = 0;
		};
/* End PBXResourcesBuildPhase section */

/* Begin PBXSourcesBuildPhase section */
		9CDDD7242A1BCE6400D6A6E1 /* Sources */ = {
			isa = PBXSourcesBuildPhase;
			buildActionMask = 2147483647;
			files = (
				9CED470F2A20260E003F54C1 /* UIViewController+Utils.swift in Sources */,
				9CED47162A20F4FF003F54C1 /* AcountSummaryHeaderView.swift in Sources */,
				9CDDD7422A1BD1E500D6A6E1 /* LoginView.swift in Sources */,
				9C157ED02A1E8FC7001F8C55 /* LocalState.swift in Sources */,
				9CAE51E72A1E458F00F3901B /* DummyViewController.swift in Sources */,
				9CDDD7302A1BCE6400D6A6E1 /* LoginViewController.swift in Sources */,
				9C1606682A225B6F004524C2 /* AccountSummaryCell.swift in Sources */,
				9C68C6342A1DDE0D00FA21A1 /* OnboardingViewController.swift in Sources */,
				9CED47112A20798F003F54C1 /* MainViewController.swift in Sources */,
				9CED47142A20C4E9003F54C1 /* AccountSummaryViewController.swift in Sources */,
				9CDDD72C2A1BCE6400D6A6E1 /* AppDelegate.swift in Sources */,
				9C68C6302A1D447E00FA21A1 /* OnboardingContainerViewController.swift in Sources */,
			);
			runOnlyForDeploymentPostprocessing = 0;
		};
/* End PBXSourcesBuildPhase section */

/* Begin PBXVariantGroup section */
		9CDDD7362A1BCE6600D6A6E1 /* LaunchScreen.storyboard */ = {
			isa = PBXVariantGroup;
			children = (
				9CDDD7372A1BCE6600D6A6E1 /* Base */,
			);
			name = LaunchScreen.storyboard;
			sourceTree = "<group>";
		};
/* End PBXVariantGroup section */

/* Begin XCBuildConfiguration section */
		9CDDD73A2A1BCE6600D6A6E1 /* Debug */ = {
			isa = XCBuildConfiguration;
			buildSettings = {
				ALWAYS_SEARCH_USER_PATHS = NO;
				CLANG_ANALYZER_NONNULL = YES;
				CLANG_ANALYZER_NUMBER_OBJECT_CONVERSION = YES_AGGRESSIVE;
				CLANG_CXX_LANGUAGE_STANDARD = "gnu++20";
				CLANG_ENABLE_MODULES = YES;
				CLANG_ENABLE_OBJC_ARC = YES;
				CLANG_ENABLE_OBJC_WEAK = YES;
				CLANG_WARN_BLOCK_CAPTURE_AUTORELEASING = YES;
				CLANG_WARN_BOOL_CONVERSION = YES;
				CLANG_WARN_COMMA = YES;
				CLANG_WARN_CONSTANT_CONVERSION = YES;
				CLANG_WARN_DEPRECATED_OBJC_IMPLEMENTATIONS = YES;
				CLANG_WARN_DIRECT_OBJC_ISA_USAGE = YES_ERROR;
				CLANG_WARN_DOCUMENTATION_COMMENTS = YES;
				CLANG_WARN_EMPTY_BODY = YES;
				CLANG_WARN_ENUM_CONVERSION = YES;
				CLANG_WARN_INFINITE_RECURSION = YES;
				CLANG_WARN_INT_CONVERSION = YES;
				CLANG_WARN_NON_LITERAL_NULL_CONVERSION = YES;
				CLANG_WARN_OBJC_IMPLICIT_RETAIN_SELF = YES;
				CLANG_WARN_OBJC_LITERAL_CONVERSION = YES;
				CLANG_WARN_OBJC_ROOT_CLASS = YES_ERROR;
				CLANG_WARN_QUOTED_INCLUDE_IN_FRAMEWORK_HEADER = YES;
				CLANG_WARN_RANGE_LOOP_ANALYSIS = YES;
				CLANG_WARN_STRICT_PROTOTYPES = YES;
				CLANG_WARN_SUSPICIOUS_MOVE = YES;
				CLANG_WARN_UNGUARDED_AVAILABILITY = YES_AGGRESSIVE;
				CLANG_WARN_UNREACHABLE_CODE = YES;
				CLANG_WARN__DUPLICATE_METHOD_MATCH = YES;
				COPY_PHASE_STRIP = NO;
				DEBUG_INFORMATION_FORMAT = dwarf;
				ENABLE_STRICT_OBJC_MSGSEND = YES;
				ENABLE_TESTABILITY = YES;
				GCC_C_LANGUAGE_STANDARD = gnu11;
				GCC_DYNAMIC_NO_PIC = NO;
				GCC_NO_COMMON_BLOCKS = YES;
				GCC_OPTIMIZATION_LEVEL = 0;
				GCC_PREPROCESSOR_DEFINITIONS = (
					"DEBUG=1",
					"$(inherited)",
				);
				GCC_WARN_64_TO_32_BIT_CONVERSION = YES;
				GCC_WARN_ABOUT_RETURN_TYPE = YES_ERROR;
				GCC_WARN_UNDECLARED_SELECTOR = YES;
				GCC_WARN_UNINITIALIZED_AUTOS = YES_AGGRESSIVE;
				GCC_WARN_UNUSED_FUNCTION = YES;
				GCC_WARN_UNUSED_VARIABLE = YES;
				IPHONEOS_DEPLOYMENT_TARGET = 16.4;
				MTL_ENABLE_DEBUG_INFO = INCLUDE_SOURCE;
				MTL_FAST_MATH = YES;
				ONLY_ACTIVE_ARCH = YES;
				SDKROOT = iphoneos;
				SWIFT_ACTIVE_COMPILATION_CONDITIONS = DEBUG;
				SWIFT_OPTIMIZATION_LEVEL = "-Onone";
			};
			name = Debug;
		};
		9CDDD73B2A1BCE6600D6A6E1 /* Release */ = {
			isa = XCBuildConfiguration;
			buildSettings = {
				ALWAYS_SEARCH_USER_PATHS = NO;
				CLANG_ANALYZER_NONNULL = YES;
				CLANG_ANALYZER_NUMBER_OBJECT_CONVERSION = YES_AGGRESSIVE;
				CLANG_CXX_LANGUAGE_STANDARD = "gnu++20";
				CLANG_ENABLE_MODULES = YES;
				CLANG_ENABLE_OBJC_ARC = YES;
				CLANG_ENABLE_OBJC_WEAK = YES;
				CLANG_WARN_BLOCK_CAPTURE_AUTORELEASING = YES;
				CLANG_WARN_BOOL_CONVERSION = YES;
				CLANG_WARN_COMMA = YES;
				CLANG_WARN_CONSTANT_CONVERSION = YES;
				CLANG_WARN_DEPRECATED_OBJC_IMPLEMENTATIONS = YES;
				CLANG_WARN_DIRECT_OBJC_ISA_USAGE = YES_ERROR;
				CLANG_WARN_DOCUMENTATION_COMMENTS = YES;
				CLANG_WARN_EMPTY_BODY = YES;
				CLANG_WARN_ENUM_CONVERSION = YES;
				CLANG_WARN_INFINITE_RECURSION = YES;
				CLANG_WARN_INT_CONVERSION = YES;
				CLANG_WARN_NON_LITERAL_NULL_CONVERSION = YES;
				CLANG_WARN_OBJC_IMPLICIT_RETAIN_SELF = YES;
				CLANG_WARN_OBJC_LITERAL_CONVERSION = YES;
				CLANG_WARN_OBJC_ROOT_CLASS = YES_ERROR;
				CLANG_WARN_QUOTED_INCLUDE_IN_FRAMEWORK_HEADER = YES;
				CLANG_WARN_RANGE_LOOP_ANALYSIS = YES;
				CLANG_WARN_STRICT_PROTOTYPES = YES;
				CLANG_WARN_SUSPICIOUS_MOVE = YES;
				CLANG_WARN_UNGUARDED_AVAILABILITY = YES_AGGRESSIVE;
				CLANG_WARN_UNREACHABLE_CODE = YES;
				CLANG_WARN__DUPLICATE_METHOD_MATCH = YES;
				COPY_PHASE_STRIP = NO;
				DEBUG_INFORMATION_FORMAT = "dwarf-with-dsym";
				ENABLE_NS_ASSERTIONS = NO;
				ENABLE_STRICT_OBJC_MSGSEND = YES;
				GCC_C_LANGUAGE_STANDARD = gnu11;
				GCC_NO_COMMON_BLOCKS = YES;
				GCC_WARN_64_TO_32_BIT_CONVERSION = YES;
				GCC_WARN_ABOUT_RETURN_TYPE = YES_ERROR;
				GCC_WARN_UNDECLARED_SELECTOR = YES;
				GCC_WARN_UNINITIALIZED_AUTOS = YES_AGGRESSIVE;
				GCC_WARN_UNUSED_FUNCTION = YES;
				GCC_WARN_UNUSED_VARIABLE = YES;
				IPHONEOS_DEPLOYMENT_TARGET = 16.4;
				MTL_ENABLE_DEBUG_INFO = NO;
				MTL_FAST_MATH = YES;
				SDKROOT = iphoneos;
				SWIFT_COMPILATION_MODE = wholemodule;
				SWIFT_OPTIMIZATION_LEVEL = "-O";
				VALIDATE_PRODUCT = YES;
			};
			name = Release;
		};
		9CDDD73D2A1BCE6600D6A6E1 /* Debug */ = {
			isa = XCBuildConfiguration;
			buildSettings = {
				ASSETCATALOG_COMPILER_APPICON_NAME = AppIcon;
				ASSETCATALOG_COMPILER_GLOBAL_ACCENT_COLOR_NAME = AccentColor;
				CODE_SIGN_STYLE = Automatic;
				CURRENT_PROJECT_VERSION = 1;
				DEVELOPMENT_TEAM = QZ6AYCR937;
				GENERATE_INFOPLIST_FILE = YES;
				INFOPLIST_FILE = UiKitBankApp/Info.plist;
				INFOPLIST_KEY_UIApplicationSupportsIndirectInputEvents = YES;
				INFOPLIST_KEY_UILaunchStoryboardName = LaunchScreen;
				INFOPLIST_KEY_UISupportedInterfaceOrientations_iPad = "UIInterfaceOrientationPortrait UIInterfaceOrientationPortraitUpsideDown UIInterfaceOrientationLandscapeLeft UIInterfaceOrientationLandscapeRight";
				INFOPLIST_KEY_UISupportedInterfaceOrientations_iPhone = "UIInterfaceOrientationPortrait UIInterfaceOrientationLandscapeLeft UIInterfaceOrientationLandscapeRight";
				LD_RUNPATH_SEARCH_PATHS = (
					"$(inherited)",
					"@executable_path/Frameworks",
				);
				MARKETING_VERSION = 1.0;
				PRODUCT_BUNDLE_IDENTIFIER = com.nexus.UiKitBankApp;
				PRODUCT_NAME = "$(TARGET_NAME)";
				SWIFT_EMIT_LOC_STRINGS = YES;
				SWIFT_VERSION = 5.0;
				TARGETED_DEVICE_FAMILY = "1,2";
			};
			name = Debug;
		};
		9CDDD73E2A1BCE6600D6A6E1 /* Release */ = {
			isa = XCBuildConfiguration;
			buildSettings = {
				ASSETCATALOG_COMPILER_APPICON_NAME = AppIcon;
				ASSETCATALOG_COMPILER_GLOBAL_ACCENT_COLOR_NAME = AccentColor;
				CODE_SIGN_STYLE = Automatic;
				CURRENT_PROJECT_VERSION = 1;
				DEVELOPMENT_TEAM = QZ6AYCR937;
				GENERATE_INFOPLIST_FILE = YES;
				INFOPLIST_FILE = UiKitBankApp/Info.plist;
				INFOPLIST_KEY_UIApplicationSupportsIndirectInputEvents = YES;
				INFOPLIST_KEY_UILaunchStoryboardName = LaunchScreen;
				INFOPLIST_KEY_UISupportedInterfaceOrientations_iPad = "UIInterfaceOrientationPortrait UIInterfaceOrientationPortraitUpsideDown UIInterfaceOrientationLandscapeLeft UIInterfaceOrientationLandscapeRight";
				INFOPLIST_KEY_UISupportedInterfaceOrientations_iPhone = "UIInterfaceOrientationPortrait UIInterfaceOrientationLandscapeLeft UIInterfaceOrientationLandscapeRight";
				LD_RUNPATH_SEARCH_PATHS = (
					"$(inherited)",
					"@executable_path/Frameworks",
				);
				MARKETING_VERSION = 1.0;
				PRODUCT_BUNDLE_IDENTIFIER = com.nexus.UiKitBankApp;
				PRODUCT_NAME = "$(TARGET_NAME)";
				SWIFT_EMIT_LOC_STRINGS = YES;
				SWIFT_VERSION = 5.0;
				TARGETED_DEVICE_FAMILY = "1,2";
			};
			name = Release;
		};
/* End XCBuildConfiguration section */

/* Begin XCConfigurationList section */
		9CDDD7232A1BCE6400D6A6E1 /* Build configuration list for PBXProject "UiKitBankApp" */ = {
			isa = XCConfigurationList;
			buildConfigurations = (
				9CDDD73A2A1BCE6600D6A6E1 /* Debug */,
				9CDDD73B2A1BCE6600D6A6E1 /* Release */,
			);
			defaultConfigurationIsVisible = 0;
			defaultConfigurationName = Release;
		};
		9CDDD73C2A1BCE6600D6A6E1 /* Build configuration list for PBXNativeTarget "UiKitBankApp" */ = {
			isa = XCConfigurationList;
			buildConfigurations = (
				9CDDD73D2A1BCE6600D6A6E1 /* Debug */,
				9CDDD73E2A1BCE6600D6A6E1 /* Release */,
			);
			defaultConfigurationIsVisible = 0;
			defaultConfigurationName = Release;
		};
/* End XCConfigurationList section */

/* Begin XCRemoteSwiftPackageReference section */
		9C157EDB2A1F2C05001F8C55 /* XCRemoteSwiftPackageReference "Positioner" */ = {
			isa = XCRemoteSwiftPackageReference;
			repositoryURL = "https://github.com/albanybuipe96/Positioner.git";
			requirement = {
				branch = main;
				kind = branch;
			};
		};
/* End XCRemoteSwiftPackageReference section */

/* Begin XCSwiftPackageProductDependency section */
		9C157EDC2A1F2C05001F8C55 /* Positioner */ = {
			isa = XCSwiftPackageProductDependency;
			package = 9C157EDB2A1F2C05001F8C55 /* XCRemoteSwiftPackageReference "Positioner" */;
			productName = Positioner;
		};
/* End XCSwiftPackageProductDependency section */
	};
	rootObject = 9CDDD7202A1BCE6400D6A6E1 /* Project object */;
}
