{
  "pins" : [
    {
      "identity" : "hubtel%20ui%20components",
      "kind" : "remoteSourceControl",
      "location" : "https://mohammedalbany@dev.azure.com/mohammedalbany/Hubtel%20UI%20Components/_git/Hubtel%20UI%20Components",
      "state" : {
        "branch" : "main",
        "revision" : "d61902bd99125f736b78184515de5a6f135582b9"
      }
    }
  ],
  "version" : 2
}
